
Microsoft Visual Studio Solution File, Format Version 12.00
# Visual Studio Version 17
VisualStudioVersion = 17.8.34525.116
MinimumVisualStudioVersion = 10.0.40219.1
Project("{FAE04EC0-301F-11D3-BF4B-00C04F79EFBC}") = "FG.MicroService.Email.Api", "FG.MicroService.Email.Api\FG.MicroService.Email.Api.csproj", "{282AA115-0193-4C2D-B841-A5B716DD8940}"
EndProject
Project("{FAE04EC0-301F-11D3-BF4B-00C04F79EFBC}") = "FG.MicroService.Email.Domain", "FG.MicroService.Email.Domain\FG.MicroService.Email.Domain.csproj", "{13C62ACA-C9D9-4D85-9155-A91CBDDCD8E3}"
EndProject
Project("{FAE04EC0-301F-11D3-BF4B-00C04F79EFBC}") = "FG.MicroService.Email.Infra", "FG.MicroService.Email.Infra\FG.MicroService.Email.Infra.csproj", "{D78F19B7-0F33-4DB0-A052-68ADB05CB090}"
EndProject
Project("{FAE04EC0-301F-11D3-BF4B-00C04F79EFBC}") = "FG.MicroService.Email.Application", "FG.MicroService.Email.Application\FG.MicroService.Email.Application.csproj", "{C34FD769-E917-4177-9CAA-F49F2F25AF11}"
EndProject
Global
	GlobalSection(SolutionConfigurationPlatforms) = preSolution
		Debug|Any CPU = Debug|Any CPU
		Release|Any CPU = Release|Any CPU
	EndGlobalSection
	GlobalSection(ProjectConfigurationPlatforms) = postSolution
		{282AA115-0193-4C2D-B841-A5B716DD8940}.Debug|Any CPU.ActiveCfg = Debug|Any CPU
		{282AA115-0193-4C2D-B841-A5B716DD8940}.Debug|Any CPU.Build.0 = Debug|Any CPU
		{282AA115-0193-4C2D-B841-A5B716DD8940}.Release|Any CPU.ActiveCfg = Release|Any CPU
		{282AA115-0193-4C2D-B841-A5B716DD8940}.Release|Any CPU.Build.0 = Release|Any CPU
		{13C62ACA-C9D9-4D85-9155-A91CBDDCD8E3}.Debug|Any CPU.ActiveCfg = Debug|Any CPU
		{13C62ACA-C9D9-4D85-9155-A91CBDDCD8E3}.Debug|Any CPU.Build.0 = Debug|Any CPU
		{13C62ACA-C9D9-4D85-9155-A91CBDDCD8E3}.Release|Any CPU.ActiveCfg = Release|Any CPU
		{13C62ACA-C9D9-4D85-9155-A91CBDDCD8E3}.Release|Any CPU.Build.0 = Release|Any CPU
		{D78F19B7-0F33-4DB0-A052-68ADB05CB090}.Debug|Any CPU.ActiveCfg = Debug|Any CPU
		{D78F19B7-0F33-4DB0-A052-68ADB05CB090}.Debug|Any CPU.Build.0 = Debug|Any CPU
		{D78F19B7-0F33-4DB0-A052-68ADB05CB090}.Release|Any CPU.ActiveCfg = Release|Any CPU
		{D78F19B7-0F33-4DB0-A052-68ADB05CB090}.Release|Any CPU.Build.0 = Release|Any CPU
		{C34FD769-E917-4177-9CAA-F49F2F25AF11}.Debug|Any CPU.ActiveCfg = Debug|Any CPU
		{C34FD769-E917-4177-9CAA-F49F2F25AF11}.Debug|Any CPU.Build.0 = Debug|Any CPU
		{C34FD769-E917-4177-9CAA-F49F2F25AF11}.Release|Any CPU.ActiveCfg = Release|Any CPU
		{C34FD769-E917-4177-9CAA-F49F2F25AF11}.Release|Any CPU.Build.0 = Release|Any CPU
	EndGlobalSection
	GlobalSection(SolutionProperties) = preSolution
		HideSolutionNode = FALSE
	EndGlobalSection
	GlobalSection(ExtensibilityGlobals) = postSolution
		SolutionGuid = {101BED0C-50B3-4642-8AC1-3567AD14AAA5}
	EndGlobalSection
EndGlobal
